// !$*UTF8*$!
{
	archiveVersion = 1;
	classes = {
	};
	objectVersion = 46;
	objects = {

/* Begin PBXBuildFile section */
		4C4F454D1E4372C40073CF80 /* main.m in Sources */ = {isa = PBXBuildFile; fileRef = 4C4F454C1E4372C40073CF80 /* main.m */; };
		4C4F45501E4372C40073CF80 /* AppDelegate.m in Sources */ = {isa = PBXBuildFile; fileRef = 4C4F454F1E4372C40073CF80 /* AppDelegate.m */; };
		4C4F45531E4372C40073CF80 /* HomeViewController.m in Sources */ = {isa = PBXBuildFile; fileRef = 4C4F45521E4372C40073CF80 /* HomeViewController.m */; };
		4C4F45561E4372C40073CF80 /* Main.storyboard in Resources */ = {isa = PBXBuildFile; fileRef = 4C4F45541E4372C40073CF80 /* Main.storyboard */; };
		4C4F45581E4372C40073CF80 /* Assets.xcassets in Resources */ = {isa = PBXBuildFile; fileRef = 4C4F45571E4372C40073CF80 /* Assets.xcassets */; };
		4C4F455B1E4372C40073CF80 /* LaunchScreen.storyboard in Resources */ = {isa = PBXBuildFile; fileRef = 4C4F45591E4372C40073CF80 /* LaunchScreen.storyboard */; };
		4C4F45661E4372C40073CF80 /* PresentationLayerTests.m in Sources */ = {isa = PBXBuildFile; fileRef = 4C4F45651E4372C40073CF80 /* PresentationLayerTests.m */; };
		4C4F45711E4372C40073CF80 /* PresentationLayerUITests.m in Sources */ = {isa = PBXBuildFile; fileRef = 4C4F45701E4372C40073CF80 /* PresentationLayerUITests.m */; };
		4CFBC4771E4616CA00DFA8C7 /* archery.gif in Resources */ = {isa = PBXBuildFile; fileRef = 4CFBC44D1E4616C900DFA8C7 /* archery.gif */; };
		4CFBC4781E4616CA00DFA8C7 /* athletics.gif in Resources */ = {isa = PBXBuildFile; fileRef = 4CFBC44E1E4616C900DFA8C7 /* athletics.gif */; };
		4CFBC4791E4616CA00DFA8C7 /* badminton.gif in Resources */ = {isa = PBXBuildFile; fileRef = 4CFBC44F1E4616C900DFA8C7 /* badminton.gif */; };
		4CFBC47A1E4616CA00DFA8C7 /* basketball.gif in Resources */ = {isa = PBXBuildFile; fileRef = 4CFBC4501E4616C900DFA8C7 /* basketball.gif */; };
		4CFBC47B1E4616CA00DFA8C7 /* beach-volleyball.gif in Resources */ = {isa = PBXBuildFile; fileRef = 4CFBC4511E4616C900DFA8C7 /* beach-volleyball.gif */; };
		4CFBC47C1E4616CA00DFA8C7 /* boxing.gif in Resources */ = {isa = PBXBuildFile; fileRef = 4CFBC4521E4616C900DFA8C7 /* boxing.gif */; };
		4CFBC47D1E4616CA00DFA8C7 /* canoe-slalom.gif in Resources */ = {isa = PBXBuildFile; fileRef = 4CFBC4531E4616C900DFA8C7 /* canoe-slalom.gif */; };
		4CFBC47E1E4616CA00DFA8C7 /* canoe-sprint.gif in Resources */ = {isa = PBXBuildFile; fileRef = 4CFBC4541E4616C900DFA8C7 /* canoe-sprint.gif */; };
		4CFBC47F1E4616CA00DFA8C7 /* cycling-bmx.gif in Resources */ = {isa = PBXBuildFile; fileRef = 4CFBC4551E4616C900DFA8C7 /* cycling-bmx.gif */; };
		4CFBC4801E4616CA00DFA8C7 /* cycling-mountain-bike.gif in Resources */ = {isa = PBXBuildFile; fileRef = 4CFBC4561E4616C900DFA8C7 /* cycling-mountain-bike.gif */; };
		4CFBC4811E4616CA00DFA8C7 /* cycling-road.gif in Resources */ = {isa = PBXBuildFile; fileRef = 4CFBC4571E4616C900DFA8C7 /* cycling-road.gif */; };
		4CFBC4821E4616CA00DFA8C7 /* cycling-track.gif in Resources */ = {isa = PBXBuildFile; fileRef = 4CFBC4581E4616C900DFA8C7 /* cycling-track.gif */; };
		4CFBC4831E4616CA00DFA8C7 /* diving.gif in Resources */ = {isa = PBXBuildFile; fileRef = 4CFBC4591E4616C900DFA8C7 /* diving.gif */; };
		4CFBC4841E4616CA00DFA8C7 /* equestrian-dressage.gif in Resources */ = {isa = PBXBuildFile; fileRef = 4CFBC45A1E4616C900DFA8C7 /* equestrian-dressage.gif */; };
		4CFBC4851E4616CA00DFA8C7 /* equestrian-eventing.gif in Resources */ = {isa = PBXBuildFile; fileRef = 4CFBC45B1E4616C900DFA8C7 /* equestrian-eventing.gif */; };
		4CFBC4861E4616CA00DFA8C7 /* equestrian-jumping.gif in Resources */ = {isa = PBXBuildFile; fileRef = 4CFBC45C1E4616C900DFA8C7 /* equestrian-jumping.gif */; };
		4CFBC4871E4616CA00DFA8C7 /* fencing.gif in Resources */ = {isa = PBXBuildFile; fileRef = 4CFBC45D1E4616C900DFA8C7 /* fencing.gif */; };
		4CFBC4881E4616CA00DFA8C7 /* football.gif in Resources */ = {isa = PBXBuildFile; fileRef = 4CFBC45E1E4616C900DFA8C7 /* football.gif */; };
		4CFBC4891E4616CA00DFA8C7 /* ganlanqiu.gif in Resources */ = {isa = PBXBuildFile; fileRef = 4CFBC45F1E4616C900DFA8C7 /* ganlanqiu.gif */; };
		4CFBC48A1E4616CA00DFA8C7 /* gaoerfu.gif in Resources */ = {isa = PBXBuildFile; fileRef = 4CFBC4601E4616C900DFA8C7 /* gaoerfu.gif */; };
		4CFBC48B1E4616CA00DFA8C7 /* golf.gif in Resources */ = {isa = PBXBuildFile; fileRef = 4CFBC4611E4616C900DFA8C7 /* golf.gif */; };
		4CFBC48C1E4616CA00DFA8C7 /* gymnastics-artistic.gif in Resources */ = {isa = PBXBuildFile; fileRef = 4CFBC4621E4616C900DFA8C7 /* gymnastics-artistic.gif */; };
		4CFBC48D1E4616CA00DFA8C7 /* gymnastics-rhythmic.gif in Resources */ = {isa = PBXBuildFile; fileRef = 4CFBC4631E4616C900DFA8C7 /* gymnastics-rhythmic.gif */; };
		4CFBC48E1E4616CA00DFA8C7 /* gymnastics-trampoline.gif in Resources */ = {isa = PBXBuildFile; fileRef = 4CFBC4641E4616C900DFA8C7 /* gymnastics-trampoline.gif */; };
		4CFBC48F1E4616CA00DFA8C7 /* handball.gif in Resources */ = {isa = PBXBuildFile; fileRef = 4CFBC4651E4616C900DFA8C7 /* handball.gif */; };
		4CFBC4901E4616CA00DFA8C7 /* hockey.gif in Resources */ = {isa = PBXBuildFile; fileRef = 4CFBC4661E4616C900DFA8C7 /* hockey.gif */; };
		4CFBC4911E4616CA00DFA8C7 /* judo.gif in Resources */ = {isa = PBXBuildFile; fileRef = 4CFBC4671E4616C900DFA8C7 /* judo.gif */; };
		4CFBC4921E4616CA00DFA8C7 /* modern-pentathlon.gif in Resources */ = {isa = PBXBuildFile; fileRef = 4CFBC4681E4616C900DFA8C7 /* modern-pentathlon.gif */; };
		4CFBC4931E4616CA00DFA8C7 /* rowing.gif in Resources */ = {isa = PBXBuildFile; fileRef = 4CFBC4691E4616CA00DFA8C7 /* rowing.gif */; };
		4CFBC4941E4616CA00DFA8C7 /* rugby.gif in Resources */ = {isa = PBXBuildFile; fileRef = 4CFBC46A1E4616CA00DFA8C7 /* rugby.gif */; };
		4CFBC4951E4616CA00DFA8C7 /* sailing.gif in Resources */ = {isa = PBXBuildFile; fileRef = 4CFBC46B1E4616CA00DFA8C7 /* sailing.gif */; };
		4CFBC4961E4616CA00DFA8C7 /* shooting.gif in Resources */ = {isa = PBXBuildFile; fileRef = 4CFBC46C1E4616CA00DFA8C7 /* shooting.gif */; };
		4CFBC4971E4616CA00DFA8C7 /* swimming.gif in Resources */ = {isa = PBXBuildFile; fileRef = 4CFBC46D1E4616CA00DFA8C7 /* swimming.gif */; };
		4CFBC4981E4616CA00DFA8C7 /* synchronised-swimming.gif in Resources */ = {isa = PBXBuildFile; fileRef = 4CFBC46E1E4616CA00DFA8C7 /* synchronised-swimming.gif */; };
		4CFBC4991E4616CA00DFA8C7 /* table-tennis.gif in Resources */ = {isa = PBXBuildFile; fileRef = 4CFBC46F1E4616CA00DFA8C7 /* table-tennis.gif */; };
		4CFBC49A1E4616CA00DFA8C7 /* taekwondo.gif in Resources */ = {isa = PBXBuildFile; fileRef = 4CFBC4701E4616CA00DFA8C7 /* taekwondo.gif */; };
		4CFBC49B1E4616CA00DFA8C7 /* tennis.gif in Resources */ = {isa = PBXBuildFile; fileRef = 4CFBC4711E4616CA00DFA8C7 /* tennis.gif */; };
		4CFBC49C1E4616CA00DFA8C7 /* triathlon.gif in Resources */ = {isa = PBXBuildFile; fileRef = 4CFBC4721E4616CA00DFA8C7 /* triathlon.gif */; };
		4CFBC49D1E4616CA00DFA8C7 /* volleyball.gif in Resources */ = {isa = PBXBuildFile; fileRef = 4CFBC4731E4616CA00DFA8C7 /* volleyball.gif */; };
		4CFBC49E1E4616CA00DFA8C7 /* water-polo.gif in Resources */ = {isa = PBXBuildFile; fileRef = 4CFBC4741E4616CA00DFA8C7 /* water-polo.gif */; };
		4CFBC49F1E4616CA00DFA8C7 /* weightlifting.gif in Resources */ = {isa = PBXBuildFile; fileRef = 4CFBC4751E4616CA00DFA8C7 /* weightlifting.gif */; };
		4CFBC4A01E4616CA00DFA8C7 /* wrestling.gif in Resources */ = {isa = PBXBuildFile; fileRef = 4CFBC4761E4616CA00DFA8C7 /* wrestling.gif */; };
		4CFBC4A31E4619AB00DFA8C7 /* EventsViewController.m in Sources */ = {isa = PBXBuildFile; fileRef = 4CFBC4A21E4619AB00DFA8C7 /* EventsViewController.m */; };
/* End PBXBuildFile section */

/* Begin PBXContainerItemProxy section */
		4C4F45621E4372C40073CF80 /* PBXContainerItemProxy */ = {
			isa = PBXContainerItemProxy;
			containerPortal = 4C4F45401E4372C40073CF80 /* Project object */;
			proxyType = 1;
			remoteGlobalIDString = 4C4F45471E4372C40073CF80;
			remoteInfo = PresentationLayer;
		};
		4C4F456D1E4372C40073CF80 /* PBXContainerItemProxy */ = {
			isa = PBXContainerItemProxy;
			containerPortal = 4C4F45401E4372C40073CF80 /* Project object */;
			proxyType = 1;
			remoteGlobalIDString = 4C4F45471E4372C40073CF80;
			remoteInfo = PresentationLayer;
		};
/* End PBXContainerItemProxy section */

/* Begin PBXFileReference section */
		4C4F45481E4372C40073CF80 /* PresentationLayer.app */ = {isa = PBXFileReference; explicitFileType = wrapper.application; includeInIndex = 0; path = PresentationLayer.app; sourceTree = BUILT_PRODUCTS_DIR; };
		4C4F454C1E4372C40073CF80 /* main.m */ = {isa = PBXFileReference; lastKnownFileType = sourcecode.c.objc; path = main.m; sourceTree = "<group>"; };
		4C4F454E1E4372C40073CF80 /* AppDelegate.h */ = {isa = PBXFileReference; lastKnownFileType = sourcecode.c.h; path = AppDelegate.h; sourceTree = "<group>"; };
		4C4F454F1E4372C40073CF80 /* AppDelegate.m */ = {isa = PBXFileReference; lastKnownFileType = sourcecode.c.objc; path = AppDelegate.m; sourceTree = "<group>"; };
		4C4F45511E4372C40073CF80 /* HomeViewController.h */ = {isa = PBXFileReference; lastKnownFileType = sourcecode.c.h; path = HomeViewController.h; sourceTree = "<group>"; };
		4C4F45521E4372C40073CF80 /* HomeViewController.m */ = {isa = PBXFileReference; lastKnownFileType = sourcecode.c.objc; path = HomeViewController.m; sourceTree = "<group>"; };
		4C4F45551E4372C40073CF80 /* Base */ = {isa = PBXFileReference; lastKnownFileType = file.storyboard; name = Base; path = Base.lproj/Main.storyboard; sourceTree = "<group>"; };
		4C4F45571E4372C40073CF80 /* Assets.xcassets */ = {isa = PBXFileReference; lastKnownFileType = folder.assetcatalog; path = Assets.xcassets; sourceTree = "<group>"; };
		4C4F455A1E4372C40073CF80 /* Base */ = {isa = PBXFileReference; lastKnownFileType = file.storyboard; name = Base; path = Base.lproj/LaunchScreen.storyboard; sourceTree = "<group>"; };
		4C4F455C1E4372C40073CF80 /* Info.plist */ = {isa = PBXFileReference; lastKnownFileType = text.plist.xml; path = Info.plist; sourceTree = "<group>"; };
		4C4F45611E4372C40073CF80 /* PresentationLayerTests.xctest */ = {isa = PBXFileReference; explicitFileType = wrapper.cfbundle; includeInIndex = 0; path = PresentationLayerTests.xctest; sourceTree = BUILT_PRODUCTS_DIR; };
		4C4F45651E4372C40073CF80 /* PresentationLayerTests.m */ = {isa = PBXFileReference; lastKnownFileType = sourcecode.c.objc; path = PresentationLayerTests.m; sourceTree = "<group>"; };
		4C4F45671E4372C40073CF80 /* Info.plist */ = {isa = PBXFileReference; lastKnownFileType = text.plist.xml; path = Info.plist; sourceTree = "<group>"; };
		4C4F456C1E4372C40073CF80 /* PresentationLayerUITests.xctest */ = {isa = PBXFileReference; explicitFileType = wrapper.cfbundle; includeInIndex = 0; path = PresentationLayerUITests.xctest; sourceTree = BUILT_PRODUCTS_DIR; };
		4C4F45701E4372C40073CF80 /* PresentationLayerUITests.m */ = {isa = PBXFileReference; lastKnownFileType = sourcecode.c.objc; path = PresentationLayerUITests.m; sourceTree = "<group>"; };
		4C4F45721E4372C40073CF80 /* Info.plist */ = {isa = PBXFileReference; lastKnownFileType = text.plist.xml; path = Info.plist; sourceTree = "<group>"; };
		4CFBC44D1E4616C900DFA8C7 /* archery.gif */ = {isa = PBXFileReference; lastKnownFileType = image.gif; path = archery.gif; sourceTree = "<group>"; };
		4CFBC44E1E4616C900DFA8C7 /* athletics.gif */ = {isa = PBXFileReference; lastKnownFileType = image.gif; path = athletics.gif; sourceTree = "<group>"; };
		4CFBC44F1E4616C900DFA8C7 /* badminton.gif */ = {isa = PBXFileReference; lastKnownFileType = image.gif; path = badminton.gif; sourceTree = "<group>"; };
		4CFBC4501E4616C900DFA8C7 /* basketball.gif */ = {isa = PBXFileReference; lastKnownFileType = image.gif; path = basketball.gif; sourceTree = "<group>"; };
		4CFBC4511E4616C900DFA8C7 /* beach-volleyball.gif */ = {isa = PBXFileReference; lastKnownFileType = image.gif; path = "beach-volleyball.gif"; sourceTree = "<group>"; };
		4CFBC4521E4616C900DFA8C7 /* boxing.gif */ = {isa = PBXFileReference; lastKnownFileType = image.gif; path = boxing.gif; sourceTree = "<group>"; };
		4CFBC4531E4616C900DFA8C7 /* canoe-slalom.gif */ = {isa = PBXFileReference; lastKnownFileType = image.gif; path = "canoe-slalom.gif"; sourceTree = "<group>"; };
		4CFBC4541E4616C900DFA8C7 /* canoe-sprint.gif */ = {isa = PBXFileReference; lastKnownFileType = image.gif; path = "canoe-sprint.gif"; sourceTree = "<group>"; };
		4CFBC4551E4616C900DFA8C7 /* cycling-bmx.gif */ = {isa = PBXFileReference; lastKnownFileType = image.gif; path = "cycling-bmx.gif"; sourceTree = "<group>"; };
		4CFBC4561E4616C900DFA8C7 /* cycling-mountain-bike.gif */ = {isa = PBXFileReference; lastKnownFileType = image.gif; path = "cycling-mountain-bike.gif"; sourceTree = "<group>"; };
		4CFBC4571E4616C900DFA8C7 /* cycling-road.gif */ = {isa = PBXFileReference; lastKnownFileType = image.gif; path = "cycling-road.gif"; sourceTree = "<group>"; };
		4CFBC4581E4616C900DFA8C7 /* cycling-track.gif */ = {isa = PBXFileReference; lastKnownFileType = image.gif; path = "cycling-track.gif"; sourceTree = "<group>"; };
		4CFBC4591E4616C900DFA8C7 /* diving.gif */ = {isa = PBXFileReference; lastKnownFileType = image.gif; path = diving.gif; sourceTree = "<group>"; };
		4CFBC45A1E4616C900DFA8C7 /* equestrian-dressage.gif */ = {isa = PBXFileReference; lastKnownFileType = image.gif; path = "equestrian-dressage.gif"; sourceTree = "<group>"; };
		4CFBC45B1E4616C900DFA8C7 /* equestrian-eventing.gif */ = {isa = PBXFileReference; lastKnownFileType = image.gif; path = "equestrian-eventing.gif"; sourceTree = "<group>"; };
		4CFBC45C1E4616C900DFA8C7 /* equestrian-jumping.gif */ = {isa = PBXFileReference; lastKnownFileType = image.gif; path = "equestrian-jumping.gif"; sourceTree = "<group>"; };
		4CFBC45D1E4616C900DFA8C7 /* fencing.gif */ = {isa = PBXFileReference; lastKnownFileType = image.gif; path = fencing.gif; sourceTree = "<group>"; };
		4CFBC45E1E4616C900DFA8C7 /* football.gif */ = {isa = PBXFileReference; lastKnownFileType = image.gif; path = football.gif; sourceTree = "<group>"; };
		4CFBC45F1E4616C900DFA8C7 /* ganlanqiu.gif */ = {isa = PBXFileReference; lastKnownFileType = image.gif; path = ganlanqiu.gif; sourceTree = "<group>"; };
		4CFBC4601E4616C900DFA8C7 /* gaoerfu.gif */ = {isa = PBXFileReference; lastKnownFileType = image.gif; path = gaoerfu.gif; sourceTree = "<group>"; };
		4CFBC4611E4616C900DFA8C7 /* golf.gif */ = {isa = PBXFileReference; lastKnownFileType = image.gif; path = golf.gif; sourceTree = "<group>"; };
		4CFBC4621E4616C900DFA8C7 /* gymnastics-artistic.gif */ = {isa = PBXFileReference; lastKnownFileType = image.gif; path = "gymnastics-artistic.gif"; sourceTree = "<group>"; };
		4CFBC4631E4616C900DFA8C7 /* gymnastics-rhythmic.gif */ = {isa = PBXFileReference; lastKnownFileType = image.gif; path = "gymnastics-rhythmic.gif"; sourceTree = "<group>"; };
		4CFBC4641E4616C900DFA8C7 /* gymnastics-trampoline.gif */ = {isa = PBXFileReference; lastKnownFileType = image.gif; path = "gymnastics-trampoline.gif"; sourceTree = "<group>"; };
		4CFBC4651E4616C900DFA8C7 /* handball.gif */ = {isa = PBXFileReference; lastKnownFileType = image.gif; path = handball.gif; sourceTree = "<group>"; };
		4CFBC4661E4616C900DFA8C7 /* hockey.gif */ = {isa = PBXFileReference; lastKnownFileType = image.gif; path = hockey.gif; sourceTree = "<group>"; };
		4CFBC4671E4616C900DFA8C7 /* judo.gif */ = {isa = PBXFileReference; lastKnownFileType = image.gif; path = judo.gif; sourceTree = "<group>"; };
		4CFBC4681E4616C900DFA8C7 /* modern-pentathlon.gif */ = {isa = PBXFileReference; lastKnownFileType = image.gif; path = "modern-pentathlon.gif"; sourceTree = "<group>"; };
		4CFBC4691E4616CA00DFA8C7 /* rowing.gif */ = {isa = PBXFileReference; lastKnownFileType = image.gif; path = rowing.gif; sourceTree = "<group>"; };
		4CFBC46A1E4616CA00DFA8C7 /* rugby.gif */ = {isa = PBXFileReference; lastKnownFileType = image.gif; path = rugby.gif; sourceTree = "<group>"; };
		4CFBC46B1E4616CA00DFA8C7 /* sailing.gif */ = {isa = PBXFileReference; lastKnownFileType = image.gif; path = sailing.gif; sourceTree = "<group>"; };
		4CFBC46C1E4616CA00DFA8C7 /* shooting.gif */ = {isa = PBXFileReference; lastKnownFileType = image.gif; path = shooting.gif; sourceTree = "<group>"; };
		4CFBC46D1E4616CA00DFA8C7 /* swimming.gif */ = {isa = PBXFileReference; lastKnownFileType = image.gif; path = swimming.gif; sourceTree = "<group>"; };
		4CFBC46E1E4616CA00DFA8C7 /* synchronised-swimming.gif */ = {isa = PBXFileReference; lastKnownFileType = image.gif; path = "synchronised-swimming.gif"; sourceTree = "<group>"; };
		4CFBC46F1E4616CA00DFA8C7 /* table-tennis.gif */ = {isa = PBXFileReference; lastKnownFileType = image.gif; path = "table-tennis.gif"; sourceTree = "<group>"; };
		4CFBC4701E4616CA00DFA8C7 /* taekwondo.gif */ = {isa = PBXFileReference; lastKnownFileType = image.gif; path = taekwondo.gif; sourceTree = "<group>"; };
		4CFBC4711E4616CA00DFA8C7 /* tennis.gif */ = {isa = PBXFileReference; lastKnownFileType = image.gif; path = tennis.gif; sourceTree = "<group>"; };
		4CFBC4721E4616CA00DFA8C7 /* triathlon.gif */ = {isa = PBXFileReference; lastKnownFileType = image.gif; path = triathlon.gif; sourceTree = "<group>"; };
		4CFBC4731E4616CA00DFA8C7 /* volleyball.gif */ = {isa = PBXFileReference; lastKnownFileType = image.gif; path = volleyball.gif; sourceTree = "<group>"; };
		4CFBC4741E4616CA00DFA8C7 /* water-polo.gif */ = {isa = PBXFileReference; lastKnownFileType = image.gif; path = "water-polo.gif"; sourceTree = "<group>"; };
		4CFBC4751E4616CA00DFA8C7 /* weightlifting.gif */ = {isa = PBXFileReference; lastKnownFileType = image.gif; path = weightlifting.gif; sourceTree = "<group>"; };
		4CFBC4761E4616CA00DFA8C7 /* wrestling.gif */ = {isa = PBXFileReference; lastKnownFileType = image.gif; path = wrestling.gif; sourceTree = "<group>"; };
		4CFBC4A11E4619AB00DFA8C7 /* EventsViewController.h */ = {isa = PBXFileReference; fileEncoding = 4; lastKnownFileType = sourcecode.c.h; path = EventsViewController.h; sourceTree = "<group>"; };
		4CFBC4A21E4619AB00DFA8C7 /* EventsViewController.m */ = {isa = PBXFileReference; fileEncoding = 4; lastKnownFileType = sourcecode.c.objc; path = EventsViewController.m; sourceTree = "<group>"; };
/* End PBXFileReference section */

/* Begin PBXFrameworksBuildPhase section */
		4C4F45451E4372C40073CF80 /* Frameworks */ = {
			isa = PBXFrameworksBuildPhase;
			buildActionMask = 2147483647;
			files = (
			);
			runOnlyForDeploymentPostprocessing = 0;
		};
		4C4F455E1E4372C40073CF80 /* Frameworks */ = {
			isa = PBXFrameworksBuildPhase;
			buildActionMask = 2147483647;
			files = (
			);
			runOnlyForDeploymentPostprocessing = 0;
		};
		4C4F45691E4372C40073CF80 /* Frameworks */ = {
			isa = PBXFrameworksBuildPhase;
			buildActionMask = 2147483647;
			files = (
			);
			runOnlyForDeploymentPostprocessing = 0;
		};
/* End PBXFrameworksBuildPhase section */

/* Begin PBXGroup section */
		4C4F453F1E4372C40073CF80 = {
			isa = PBXGroup;
			children = (
				4C4F454A1E4372C40073CF80 /* PresentationLayer */,
				4C4F45641E4372C40073CF80 /* PresentationLayerTests */,
				4C4F456F1E4372C40073CF80 /* PresentationLayerUITests */,
				4C4F45491E4372C40073CF80 /* Products */,
			);
			sourceTree = "<group>";
		};
		4C4F45491E4372C40073CF80 /* Products */ = {
			isa = PBXGroup;
			children = (
				4C4F45481E4372C40073CF80 /* PresentationLayer.app */,
				4C4F45611E4372C40073CF80 /* PresentationLayerTests.xctest */,
				4C4F456C1E4372C40073CF80 /* PresentationLayerUITests.xctest */,
			);
			name = Products;
			sourceTree = "<group>";
		};
		4C4F454A1E4372C40073CF80 /* PresentationLayer */ = {
			isa = PBXGroup;
			children = (
				4CFBC44C1E4616B200DFA8C7 /* events */,
				4C4F454E1E4372C40073CF80 /* AppDelegate.h */,
				4C4F454F1E4372C40073CF80 /* AppDelegate.m */,
				4C4F45511E4372C40073CF80 /* HomeViewController.h */,
				4C4F45521E4372C40073CF80 /* HomeViewController.m */,
				4CFBC4A11E4619AB00DFA8C7 /* EventsViewController.h */,
				4CFBC4A21E4619AB00DFA8C7 /* EventsViewController.m */,
				4C4F45541E4372C40073CF80 /* Main.storyboard */,
				4C4F45571E4372C40073CF80 /* Assets.xcassets */,
				4C4F45591E4372C40073CF80 /* LaunchScreen.storyboard */,
				4C4F455C1E4372C40073CF80 /* Info.plist */,
				4C4F454B1E4372C40073CF80 /* Supporting Files */,
			);
			path = PresentationLayer;
			sourceTree = "<group>";
		};
		4C4F454B1E4372C40073CF80 /* Supporting Files */ = {
			isa = PBXGroup;
			children = (
				4C4F454C1E4372C40073CF80 /* main.m */,
			);
			name = "Supporting Files";
			sourceTree = "<group>";
		};
		4C4F45641E4372C40073CF80 /* PresentationLayerTests */ = {
			isa = PBXGroup;
			children = (
				4C4F45651E4372C40073CF80 /* PresentationLayerTests.m */,
				4C4F45671E4372C40073CF80 /* Info.plist */,
			);
			path = PresentationLayerTests;
			sourceTree = "<group>";
		};
		4C4F456F1E4372C40073CF80 /* PresentationLayerUITests */ = {
			isa = PBXGroup;
			children = (
				4C4F45701E4372C40073CF80 /* PresentationLayerUITests.m */,
				4C4F45721E4372C40073CF80 /* Info.plist */,
			);
			path = PresentationLayerUITests;
			sourceTree = "<group>";
		};
		4CFBC44C1E4616B200DFA8C7 /* events */ = {
			isa = PBXGroup;
			children = (
				4CFBC44D1E4616C900DFA8C7 /* archery.gif */,
				4CFBC44E1E4616C900DFA8C7 /* athletics.gif */,
				4CFBC44F1E4616C900DFA8C7 /* badminton.gif */,
				4CFBC4501E4616C900DFA8C7 /* basketball.gif */,
				4CFBC4511E4616C900DFA8C7 /* beach-volleyball.gif */,
				4CFBC4521E4616C900DFA8C7 /* boxing.gif */,
				4CFBC4531E4616C900DFA8C7 /* canoe-slalom.gif */,
				4CFBC4541E4616C900DFA8C7 /* canoe-sprint.gif */,
				4CFBC4551E4616C900DFA8C7 /* cycling-bmx.gif */,
				4CFBC4561E4616C900DFA8C7 /* cycling-mountain-bike.gif */,
				4CFBC4571E4616C900DFA8C7 /* cycling-road.gif */,
				4CFBC4581E4616C900DFA8C7 /* cycling-track.gif */,
				4CFBC4591E4616C900DFA8C7 /* diving.gif */,
				4CFBC45A1E4616C900DFA8C7 /* equestrian-dressage.gif */,
				4CFBC45B1E4616C900DFA8C7 /* equestrian-eventing.gif */,
				4CFBC45C1E4616C900DFA8C7 /* equestrian-jumping.gif */,
				4CFBC45D1E4616C900DFA8C7 /* fencing.gif */,
				4CFBC45E1E4616C900DFA8C7 /* football.gif */,
				4CFBC45F1E4616C900DFA8C7 /* ganlanqiu.gif */,
				4CFBC4601E4616C900DFA8C7 /* gaoerfu.gif */,
				4CFBC4611E4616C900DFA8C7 /* golf.gif */,
				4CFBC4621E4616C900DFA8C7 /* gymnastics-artistic.gif */,
				4CFBC4631E4616C900DFA8C7 /* gymnastics-rhythmic.gif */,
				4CFBC4641E4616C900DFA8C7 /* gymnastics-trampoline.gif */,
				4CFBC4651E4616C900DFA8C7 /* handball.gif */,
				4CFBC4661E4616C900DFA8C7 /* hockey.gif */,
				4CFBC4671E4616C900DFA8C7 /* judo.gif */,
				4CFBC4681E4616C900DFA8C7 /* modern-pentathlon.gif */,
				4CFBC4691E4616CA00DFA8C7 /* rowing.gif */,
				4CFBC46A1E4616CA00DFA8C7 /* rugby.gif */,
				4CFBC46B1E4616CA00DFA8C7 /* sailing.gif */,
				4CFBC46C1E4616CA00DFA8C7 /* shooting.gif */,
				4CFBC46D1E4616CA00DFA8C7 /* swimming.gif */,
				4CFBC46E1E4616CA00DFA8C7 /* synchronised-swimming.gif */,
				4CFBC46F1E4616CA00DFA8C7 /* table-tennis.gif */,
				4CFBC4701E4616CA00DFA8C7 /* taekwondo.gif */,
				4CFBC4711E4616CA00DFA8C7 /* tennis.gif */,
				4CFBC4721E4616CA00DFA8C7 /* triathlon.gif */,
				4CFBC4731E4616CA00DFA8C7 /* volleyball.gif */,
				4CFBC4741E4616CA00DFA8C7 /* water-polo.gif */,
				4CFBC4751E4616CA00DFA8C7 /* weightlifting.gif */,
				4CFBC4761E4616CA00DFA8C7 /* wrestling.gif */,
			);
			name = events;
			sourceTree = "<group>";
		};
/* End PBXGroup section */

/* Begin PBXNativeTarget section */
		4C4F45471E4372C40073CF80 /* PresentationLayer */ = {
			isa = PBXNativeTarget;
			buildConfigurationList = 4C4F45751E4372C40073CF80 /* Build configuration list for PBXNativeTarget "PresentationLayer" */;
			buildPhases = (
				4C4F45441E4372C40073CF80 /* Sources */,
				4C4F45451E4372C40073CF80 /* Frameworks */,
				4C4F45461E4372C40073CF80 /* Resources */,
			);
			buildRules = (
			);
			dependencies = (
			);
			name = PresentationLayer;
			productName = PresentationLayer;
			productReference = 4C4F45481E4372C40073CF80 /* PresentationLayer.app */;
			productType = "com.apple.product-type.application";
		};
		4C4F45601E4372C40073CF80 /* PresentationLayerTests */ = {
			isa = PBXNativeTarget;
			buildConfigurationList = 4C4F45781E4372C40073CF80 /* Build configuration list for PBXNativeTarget "PresentationLayerTests" */;
			buildPhases = (
				4C4F455D1E4372C40073CF80 /* Sources */,
				4C4F455E1E4372C40073CF80 /* Frameworks */,
				4C4F455F1E4372C40073CF80 /* Resources */,
			);
			buildRules = (
			);
			dependencies = (
				4C4F45631E4372C40073CF80 /* PBXTargetDependency */,
			);
			name = PresentationLayerTests;
			productName = PresentationLayerTests;
			productReference = 4C4F45611E4372C40073CF80 /* PresentationLayerTests.xctest */;
			productType = "com.apple.product-type.bundle.unit-test";
		};
		4C4F456B1E4372C40073CF80 /* PresentationLayerUITests */ = {
			isa = PBXNativeTarget;
			buildConfigurationList = 4C4F457B1E4372C40073CF80 /* Build configuration list for PBXNativeTarget "PresentationLayerUITests" */;
			buildPhases = (
				4C4F45681E4372C40073CF80 /* Sources */,
				4C4F45691E4372C40073CF80 /* Frameworks */,
				4C4F456A1E4372C40073CF80 /* Resources */,
			);
			buildRules = (
			);
			dependencies = (
				4C4F456E1E4372C40073CF80 /* PBXTargetDependency */,
			);
			name = PresentationLayerUITests;
			productName = PresentationLayerUITests;
			productReference = 4C4F456C1E4372C40073CF80 /* PresentationLayerUITests.xctest */;
			productType = "com.apple.product-type.bundle.ui-testing";
		};
/* End PBXNativeTarget section */

/* Begin PBXProject section */
		4C4F45401E4372C40073CF80 /* Project object */ = {
			isa = PBXProject;
			attributes = {
				LastUpgradeCheck = 0730;
				ORGANIZATIONNAME = ark;
				TargetAttributes = {
					4C4F45471E4372C40073CF80 = {
						CreatedOnToolsVersion = 7.3.1;
					};
					4C4F45601E4372C40073CF80 = {
						CreatedOnToolsVersion = 7.3.1;
						TestTargetID = 4C4F45471E4372C40073CF80;
					};
					4C4F456B1E4372C40073CF80 = {
						CreatedOnToolsVersion = 7.3.1;
						TestTargetID = 4C4F45471E4372C40073CF80;
					};
				};
			};
			buildConfigurationList = 4C4F45431E4372C40073CF80 /* Build configuration list for PBXProject "PresentationLayer" */;
			compatibilityVersion = "Xcode 3.2";
			developmentRegion = English;
			hasScannedForEncodings = 0;
			knownRegions = (
				en,
				Base,
			);
			mainGroup = 4C4F453F1E4372C40073CF80;
			productRefGroup = 4C4F45491E4372C40073CF80 /* Products */;
			projectDirPath = "";
			projectRoot = "";
			targets = (
				4C4F45471E4372C40073CF80 /* PresentationLayer */,
				4C4F45601E4372C40073CF80 /* PresentationLayerTests */,
				4C4F456B1E4372C40073CF80 /* PresentationLayerUITests */,
			);
		};
/* End PBXProject section */

/* Begin PBXResourcesBuildPhase section */
		4C4F45461E4372C40073CF80 /* Resources */ = {
			isa = PBXResourcesBuildPhase;
			buildActionMask = 2147483647;
			files = (
				4CFBC4861E4616CA00DFA8C7 /* equestrian-jumping.gif in Resources */,
				4CFBC4871E4616CA00DFA8C7 /* fencing.gif in Resources */,
				4CFBC4921E4616CA00DFA8C7 /* modern-pentathlon.gif in Resources */,
				4CFBC4941E4616CA00DFA8C7 /* rugby.gif in Resources */,
				4CFBC48F1E4616CA00DFA8C7 /* handball.gif in Resources */,
				4CFBC4931E4616CA00DFA8C7 /* rowing.gif in Resources */,
				4CFBC49A1E4616CA00DFA8C7 /* taekwondo.gif in Resources */,
				4CFBC48E1E4616CA00DFA8C7 /* gymnastics-trampoline.gif in Resources */,
				4CFBC49D1E4616CA00DFA8C7 /* volleyball.gif in Resources */,
				4CFBC49C1E4616CA00DFA8C7 /* triathlon.gif in Resources */,
				4CFBC47F1E4616CA00DFA8C7 /* cycling-bmx.gif in Resources */,
				4CFBC4851E4616CA00DFA8C7 /* equestrian-eventing.gif in Resources */,
				4CFBC48B1E4616CA00DFA8C7 /* golf.gif in Resources */,
				4CFBC4821E4616CA00DFA8C7 /* cycling-track.gif in Resources */,
				4CFBC49F1E4616CA00DFA8C7 /* weightlifting.gif in Resources */,
				4CFBC4971E4616CA00DFA8C7 /* swimming.gif in Resources */,
				4C4F455B1E4372C40073CF80 /* LaunchScreen.storyboard in Resources */,
				4CFBC48A1E4616CA00DFA8C7 /* gaoerfu.gif in Resources */,
				4CFBC4901E4616CA00DFA8C7 /* hockey.gif in Resources */,
				4CFBC49E1E4616CA00DFA8C7 /* water-polo.gif in Resources */,
				4CFBC47A1E4616CA00DFA8C7 /* basketball.gif in Resources */,
				4CFBC4981E4616CA00DFA8C7 /* synchronised-swimming.gif in Resources */,
				4CFBC4841E4616CA00DFA8C7 /* equestrian-dressage.gif in Resources */,
				4CFBC4801E4616CA00DFA8C7 /* cycling-mountain-bike.gif in Resources */,
				4CFBC4891E4616CA00DFA8C7 /* ganlanqiu.gif in Resources */,
				4CFBC47C1E4616CA00DFA8C7 /* boxing.gif in Resources */,
				4CFBC4A01E4616CA00DFA8C7 /* wrestling.gif in Resources */,
				4CFBC4781E4616CA00DFA8C7 /* athletics.gif in Resources */,
				4CFBC49B1E4616CA00DFA8C7 /* tennis.gif in Resources */,
				4CFBC48C1E4616CA00DFA8C7 /* gymnastics-artistic.gif in Resources */,
				4CFBC47E1E4616CA00DFA8C7 /* canoe-sprint.gif in Resources */,
				4CFBC4771E4616CA00DFA8C7 /* archery.gif in Resources */,
				4CFBC47D1E4616CA00DFA8C7 /* canoe-slalom.gif in Resources */,
				4CFBC4791E4616CA00DFA8C7 /* badminton.gif in Resources */,
				4CFBC4911E4616CA00DFA8C7 /* judo.gif in Resources */,
				4CFBC4811E4616CA00DFA8C7 /* cycling-road.gif in Resources */,
				4C4F45581E4372C40073CF80 /* Assets.xcassets in Resources */,
				4CFBC4991E4616CA00DFA8C7 /* table-tennis.gif in Resources */,
				4CFBC4951E4616CA00DFA8C7 /* sailing.gif in Resources */,
				4CFBC4961E4616CA00DFA8C7 /* shooting.gif in Resources */,
				4CFBC47B1E4616CA00DFA8C7 /* beach-volleyball.gif in Resources */,
				4CFBC48D1E4616CA00DFA8C7 /* gymnastics-rhythmic.gif in Resources */,
				4C4F45561E4372C40073CF80 /* Main.storyboard in Resources */,
				4CFBC4831E4616CA00DFA8C7 /* diving.gif in Resources */,
				4CFBC4881E4616CA00DFA8C7 /* football.gif in Resources */,
			);
			runOnlyForDeploymentPostprocessing = 0;
		};
		4C4F455F1E4372C40073CF80 /* Resources */ = {
			isa = PBXResourcesBuildPhase;
			buildActionMask = 2147483647;
			files = (
			);
			runOnlyForDeploymentPostprocessing = 0;
		};
		4C4F456A1E4372C40073CF80 /* Resources */ = {
			isa = PBXResourcesBuildPhase;
			buildActionMask = 2147483647;
			files = (
			);
			runOnlyForDeploymentPostprocessing = 0;
		};
/* End PBXResourcesBuildPhase section */

/* Begin PBXSourcesBuildPhase section */
		4C4F45441E4372C40073CF80 /* Sources */ = {
			isa = PBXSourcesBuildPhase;
			buildActionMask = 2147483647;
			files = (
				4C4F45531E4372C40073CF80 /* HomeViewController.m in Sources */,
				4CFBC4A31E4619AB00DFA8C7 /* EventsViewController.m in Sources */,
				4C4F45501E4372C40073CF80 /* AppDelegate.m in Sources */,
				4C4F454D1E4372C40073CF80 /* main.m in Sources */,
			);
			runOnlyForDeploymentPostprocessing = 0;
		};
		4C4F455D1E4372C40073CF80 /* Sources */ = {
			isa = PBXSourcesBuildPhase;
			buildActionMask = 2147483647;
			files = (
				4C4F45661E4372C40073CF80 /* PresentationLayerTests.m in Sources */,
			);
			runOnlyForDeploymentPostprocessing = 0;
		};
		4C4F45681E4372C40073CF80 /* Sources */ = {
			isa = PBXSourcesBuildPhase;
			buildActionMask = 2147483647;
			files = (
				4C4F45711E4372C40073CF80 /* PresentationLayerUITests.m in Sources */,
			);
			runOnlyForDeploymentPostprocessing = 0;
		};
/* End PBXSourcesBuildPhase section */

/* Begin PBXTargetDependency section */
		4C4F45631E4372C40073CF80 /* PBXTargetDependency */ = {
			isa = PBXTargetDependency;
			target = 4C4F45471E4372C40073CF80 /* PresentationLayer */;
			targetProxy = 4C4F45621E4372C40073CF80 /* PBXContainerItemProxy */;
		};
		4C4F456E1E4372C40073CF80 /* PBXTargetDependency */ = {
			isa = PBXTargetDependency;
			target = 4C4F45471E4372C40073CF80 /* PresentationLayer */;
			targetProxy = 4C4F456D1E4372C40073CF80 /* PBXContainerItemProxy */;
		};
/* End PBXTargetDependency section */

/* Begin PBXVariantGroup section */
		4C4F45541E4372C40073CF80 /* Main.storyboard */ = {
			isa = PBXVariantGroup;
			children = (
				4C4F45551E4372C40073CF80 /* Base */,
			);
			name = Main.storyboard;
			sourceTree = "<group>";
		};
		4C4F45591E4372C40073CF80 /* LaunchScreen.storyboard */ = {
			isa = PBXVariantGroup;
			children = (
				4C4F455A1E4372C40073CF80 /* Base */,
			);
			name = LaunchScreen.storyboard;
			sourceTree = "<group>";
		};
/* End PBXVariantGroup section */

/* Begin XCBuildConfiguration section */
		4C4F45731E4372C40073CF80 /* Debug */ = {
			isa = XCBuildConfiguration;
			buildSettings = {
				ALWAYS_SEARCH_USER_PATHS = NO;
				CLANG_ANALYZER_NONNULL = YES;
				CLANG_CXX_LANGUAGE_STANDARD = "gnu++0x";
				CLANG_CXX_LIBRARY = "libc++";
				CLANG_ENABLE_MODULES = YES;
				CLANG_ENABLE_OBJC_ARC = YES;
				CLANG_WARN_BOOL_CONVERSION = YES;
				CLANG_WARN_CONSTANT_CONVERSION = YES;
				CLANG_WARN_DIRECT_OBJC_ISA_USAGE = YES_ERROR;
				CLANG_WARN_EMPTY_BODY = YES;
				CLANG_WARN_ENUM_CONVERSION = YES;
				CLANG_WARN_INT_CONVERSION = YES;
				CLANG_WARN_OBJC_ROOT_CLASS = YES_ERROR;
				CLANG_WARN_UNREACHABLE_CODE = YES;
				CLANG_WARN__DUPLICATE_METHOD_MATCH = YES;
				"CODE_SIGN_IDENTITY[sdk=iphoneos*]" = "iPhone Developer";
				COPY_PHASE_STRIP = NO;
				DEBUG_INFORMATION_FORMAT = dwarf;
				ENABLE_STRICT_OBJC_MSGSEND = YES;
				ENABLE_TESTABILITY = YES;
				GCC_C_LANGUAGE_STANDARD = gnu99;
				GCC_DYNAMIC_NO_PIC = NO;
				GCC_NO_COMMON_BLOCKS = YES;
				GCC_OPTIMIZATION_LEVEL = 0;
				GCC_PREPROCESSOR_DEFINITIONS = (
					"DEBUG=1",
					"$(inherited)",
				);
				GCC_WARN_64_TO_32_BIT_CONVERSION = YES;
				GCC_WARN_ABOUT_RETURN_TYPE = YES_ERROR;
				GCC_WARN_UNDECLARED_SELECTOR = YES;
				GCC_WARN_UNINITIALIZED_AUTOS = YES_AGGRESSIVE;
				GCC_WARN_UNUSED_FUNCTION = YES;
				GCC_WARN_UNUSED_VARIABLE = YES;
				IPHONEOS_DEPLOYMENT_TARGET = 9.3;
				MTL_ENABLE_DEBUG_INFO = YES;
				ONLY_ACTIVE_ARCH = YES;
				SDKROOT = iphoneos;
				TARGETED_DEVICE_FAMILY = "1,2";
			};
			name = Debug;
		};
		4C4F45741E4372C40073CF80 /* Release */ = {
			isa = XCBuildConfiguration;
			buildSettings = {
				ALWAYS_SEARCH_USER_PATHS = NO;
				CLANG_ANALYZER_NONNULL = YES;
				CLANG_CXX_LANGUAGE_STANDARD = "gnu++0x";
				CLANG_CXX_LIBRARY = "libc++";
				CLANG_ENABLE_MODULES = YES;
				CLANG_ENABLE_OBJC_ARC = YES;
				CLANG_WARN_BOOL_CONVERSION = YES;
				CLANG_WARN_CONSTANT_CONVERSION = YES;
				CLANG_WARN_DIRECT_OBJC_ISA_USAGE = YES_ERROR;
				CLANG_WARN_EMPTY_BODY = YES;
				CLANG_WARN_ENUM_CONVERSION = YES;
				CLANG_WARN_INT_CONVERSION = YES;
				CLANG_WARN_OBJC_ROOT_CLASS = YES_ERROR;
				CLANG_WARN_UNREACHABLE_CODE = YES;
				CLANG_WARN__DUPLICATE_METHOD_MATCH = YES;
				"CODE_SIGN_IDENTITY[sdk=iphoneos*]" = "iPhone Developer";
				COPY_PHASE_STRIP = NO;
				DEBUG_INFORMATION_FORMAT = "dwarf-with-dsym";
				ENABLE_NS_ASSERTIONS = NO;
				ENABLE_STRICT_OBJC_MSGSEND = YES;
				GCC_C_LANGUAGE_STANDARD = gnu99;
				GCC_NO_COMMON_BLOCKS = YES;
				GCC_WARN_64_TO_32_BIT_CONVERSION = YES;
				GCC_WARN_ABOUT_RETURN_TYPE = YES_ERROR;
				GCC_WARN_UNDECLARED_SELECTOR = YES;
				GCC_WARN_UNINITIALIZED_AUTOS = YES_AGGRESSIVE;
				GCC_WARN_UNUSED_FUNCTION = YES;
				GCC_WARN_UNUSED_VARIABLE = YES;
				IPHONEOS_DEPLOYMENT_TARGET = 9.3;
				MTL_ENABLE_DEBUG_INFO = NO;
				SDKROOT = iphoneos;
				TARGETED_DEVICE_FAMILY = "1,2";
				VALIDATE_PRODUCT = YES;
			};
			name = Release;
		};
		4C4F45761E4372C40073CF80 /* Debug */ = {
			isa = XCBuildConfiguration;
			buildSettings = {
				ASSETCATALOG_COMPILER_APPICON_NAME = AppIcon;
				INFOPLIST_FILE = PresentationLayer/Info.plist;
				LD_RUNPATH_SEARCH_PATHS = "$(inherited) @executable_path/Frameworks";
				PRODUCT_BUNDLE_IDENTIFIER = cloud.ark.PresentationLayer;
				PRODUCT_NAME = "$(TARGET_NAME)";
			};
			name = Debug;
		};
		4C4F45771E4372C40073CF80 /* Release */ = {
			isa = XCBuildConfiguration;
			buildSettings = {
				ASSETCATALOG_COMPILER_APPICON_NAME = AppIcon;
				INFOPLIST_FILE = PresentationLayer/Info.plist;
				LD_RUNPATH_SEARCH_PATHS = "$(inherited) @executable_path/Frameworks";
				PRODUCT_BUNDLE_IDENTIFIER = cloud.ark.PresentationLayer;
				PRODUCT_NAME = "$(TARGET_NAME)";
			};
			name = Release;
		};
		4C4F45791E4372C40073CF80 /* Debug */ = {
			isa = XCBuildConfiguration;
			buildSettings = {
				BUNDLE_LOADER = "$(TEST_HOST)";
				INFOPLIST_FILE = PresentationLayerTests/Info.plist;
				LD_RUNPATH_SEARCH_PATHS = "$(inherited) @executable_path/Frameworks @loader_path/Frameworks";
				PRODUCT_BUNDLE_IDENTIFIER = cloud.ark.PresentationLayerTests;
				PRODUCT_NAME = "$(TARGET_NAME)";
				TEST_HOST = "$(BUILT_PRODUCTS_DIR)/PresentationLayer.app/PresentationLayer";
			};
			name = Debug;
		};
		4C4F457A1E4372C40073CF80 /* Release */ = {
			isa = XCBuildConfiguration;
			buildSettings = {
				BUNDLE_LOADER = "$(TEST_HOST)";
				INFOPLIST_FILE = PresentationLayerTests/Info.plist;
				LD_RUNPATH_SEARCH_PATHS = "$(inherited) @executable_path/Frameworks @loader_path/Frameworks";
				PRODUCT_BUNDLE_IDENTIFIER = cloud.ark.PresentationLayerTests;
				PRODUCT_NAME = "$(TARGET_NAME)";
				TEST_HOST = "$(BUILT_PRODUCTS_DIR)/PresentationLayer.app/PresentationLayer";
			};
			name = Release;
		};
		4C4F457C1E4372C40073CF80 /* Debug */ = {
			isa = XCBuildConfiguration;
			buildSettings = {
				INFOPLIST_FILE = PresentationLayerUITests/Info.plist;
				LD_RUNPATH_SEARCH_PATHS = "$(inherited) @executable_path/Frameworks @loader_path/Frameworks";
				PRODUCT_BUNDLE_IDENTIFIER = cloud.ark.PresentationLayerUITests;
				PRODUCT_NAME = "$(TARGET_NAME)";
				TEST_TARGET_NAME = PresentationLayer;
			};
			name = Debug;
		};
		4C4F457D1E4372C40073CF80 /* Release */ = {
			isa = XCBuildConfiguration;
			buildSettings = {
				INFOPLIST_FILE = PresentationLayerUITests/Info.plist;
				LD_RUNPATH_SEARCH_PATHS = "$(inherited) @executable_path/Frameworks @loader_path/Frameworks";
				PRODUCT_BUNDLE_IDENTIFIER = cloud.ark.PresentationLayerUITests;
				PRODUCT_NAME = "$(TARGET_NAME)";
				TEST_TARGET_NAME = PresentationLayer;
			};
			name = Release;
		};
/* End XCBuildConfiguration section */

/* Begin XCConfigurationList section */
		4C4F45431E4372C40073CF80 /* Build configuration list for PBXProject "PresentationLayer" */ = {
			isa = XCConfigurationList;
			buildConfigurations = (
				4C4F45731E4372C40073CF80 /* Debug */,
				4C4F45741E4372C40073CF80 /* Release */,
			);
			defaultConfigurationIsVisible = 0;
			defaultConfigurationName = Release;
		};
		4C4F45751E4372C40073CF80 /* Build configuration list for PBXNativeTarget "PresentationLayer" */ = {
			isa = XCConfigurationList;
			buildConfigurations = (
				4C4F45761E4372C40073CF80 /* Debug */,
				4C4F45771E4372C40073CF80 /* Release */,
			);
			defaultConfigurationIsVisible = 0;
			defaultConfigurationName = Release;
		};
		4C4F45781E4372C40073CF80 /* Build configuration list for PBXNativeTarget "PresentationLayerTests" */ = {
			isa = XCConfigurationList;
			buildConfigurations = (
				4C4F45791E4372C40073CF80 /* Debug */,
				4C4F457A1E4372C40073CF80 /* Release */,
			);
			defaultConfigurationIsVisible = 0;
			defaultConfigurationName = Release;
		};
		4C4F457B1E4372C40073CF80 /* Build configuration list for PBXNativeTarget "PresentationLayerUITests" */ = {
			isa = XCConfigurationList;
			buildConfigurations = (
				4C4F457C1E4372C40073CF80 /* Debug */,
				4C4F457D1E4372C40073CF80 /* Release */,
			);
			defaultConfigurationIsVisible = 0;
			defaultConfigurationName = Release;
		};
/* End XCConfigurationList section */
	};
	rootObject = 4C4F45401E4372C40073CF80 /* Project object */;
}
